
Microsoft Visual Studio Solution File, Format Version 12.00
Project("{FAE04EC0-301F-11D3-BF4B-00C04F79EFBC}") = "BTD6Helper", "BTD6Helper.csproj", "{BA20161E-068A-43B3-B653-43A2BAD0BBD0}"
EndProject
Global
	GlobalSection(SolutionConfigurationPlatforms) = preSolution
		Debug|Any CPU = Debug|Any CPU
		Release|Any CPU = Release|Any CPU
	EndGlobalSection
	GlobalSection(ProjectConfigurationPlatforms) = postSolution
		{BA20161E-068A-43B3-B653-43A2BAD0BBD0}.Debug|Any CPU.ActiveCfg = Debug|Any CPU
		{BA20161E-068A-43B3-B653-43A2BAD0BBD0}.Debug|Any CPU.Build.0 = Debug|Any CPU
		{BA20161E-068A-43B3-B653-43A2BAD0BBD0}.Release|Any CPU.ActiveCfg = Release|Any CPU
		{BA20161E-068A-43B3-B653-43A2BAD0BBD0}.Release|Any CPU.Build.0 = Release|Any CPU
	EndGlobalSection
EndGlobal
